
Microsoft Visual Studio Solution File, Format Version 12.00
# Visual Studio Version 17
VisualStudioVersion = 17.7.34221.43
MinimumVisualStudioVersion = 10.0.40219.1
Project("{FAE04EC0-301F-11D3-BF4B-00C04F79EFBC}") = "StandPeople", "trabalhoPOO\StandPeople.csproj", "{9DC6DDB3-76E5-465A-9BCD-93E9775EDA3F}"
EndProject
Project("{FAE04EC0-301F-11D3-BF4B-00C04F79EFBC}") = "LogisticSupport", "LogisticSupport\LogisticSupport.csproj", "{1256DFAC-C9B0-4BD8-860C-D8AF22644942}"
	ProjectSection(ProjectDependencies) = postProject
		{9DC6DDB3-76E5-465A-9BCD-93E9775EDA3F} = {9DC6DDB3-76E5-465A-9BCD-93E9775EDA3F}
	EndProjectSection
EndProject
Global
	GlobalSection(SolutionConfigurationPlatforms) = preSolution
		Debug|Any CPU = Debug|Any CPU
		Release|Any CPU = Release|Any CPU
	EndGlobalSection
	GlobalSection(ProjectConfigurationPlatforms) = postSolution
		{9DC6DDB3-76E5-465A-9BCD-93E9775EDA3F}.Debug|Any CPU.ActiveCfg = Debug|Any CPU
		{9DC6DDB3-76E5-465A-9BCD-93E9775EDA3F}.Debug|Any CPU.Build.0 = Debug|Any CPU
		{9DC6DDB3-76E5-465A-9BCD-93E9775EDA3F}.Release|Any CPU.ActiveCfg = Release|Any CPU
		{9DC6DDB3-76E5-465A-9BCD-93E9775EDA3F}.Release|Any CPU.Build.0 = Release|Any CPU
		{1256DFAC-C9B0-4BD8-860C-D8AF22644942}.Debug|Any CPU.ActiveCfg = Debug|Any CPU
		{1256DFAC-C9B0-4BD8-860C-D8AF22644942}.Debug|Any CPU.Build.0 = Debug|Any CPU
		{1256DFAC-C9B0-4BD8-860C-D8AF22644942}.Release|Any CPU.ActiveCfg = Release|Any CPU
		{1256DFAC-C9B0-4BD8-860C-D8AF22644942}.Release|Any CPU.Build.0 = Release|Any CPU
	EndGlobalSection
	GlobalSection(SolutionProperties) = preSolution
		HideSolutionNode = FALSE
	EndGlobalSection
	GlobalSection(ExtensibilityGlobals) = postSolution
		SolutionGuid = {A0BA760F-76C9-4500-BA18-845E68164B54}
	EndGlobalSection
EndGlobal
